# This file was autogenerated by uv via the following command:
#    uv pip compile requirements.txt -o uv.lock
-e .
    # via -r requirements.txt
aiohappyeyeballs==2.6.1
    # via aiohttp
aiohttp==3.13.3
    # via
    #   aiohttp-retry
    #   langchain-community
    #   pinecone
aiohttp-retry==2.9.1
    # via pinecone
aiosignal==1.4.0
    # via aiohttp
annotated-types==0.7.0
    # via pydantic
anyio==4.12.1
    # via
    #   httpx
    #   openai
async-timeout==4.0.3
    # via
    #   aiohttp
    #   langchain
attrs==25.4.0
    # via aiohttp
backports-asyncio-runner==1.2.0
    # via pytest-asyncio
blinker==1.9.0
    # via flask
certifi==2026.2.25
    # via
    #   httpcore
    #   httpx
    #   pinecone
    #   requests
cffi==2.0.0
    # via pytest-codspeed
charset-normalizer==3.4.5
    # via requests
click==8.3.1
    # via flask
colorama==0.4.6
    # via
    #   click
    #   pytest
    #   tqdm
dataclasses-json==0.6.7
    # via langchain-community
distro==1.9.0
    # via openai
exceptiongroup==1.3.1
    # via
    #   anyio
    #   pytest
filelock==3.25.0
    # via
    #   huggingface-hub
    #   torch
    #   transformers
flask==3.1.1
    # via -r requirements.txt
frozenlist==1.8.0
    # via
    #   aiohttp
    #   aiosignal
fsspec==2026.2.0
    # via
    #   huggingface-hub
    #   torch
greenlet==3.3.2
    # via sqlalchemy
h11==0.16.0
    # via httpcore
httpcore==1.0.9
    # via httpx
httpx==0.28.1
    # via
    #   langchain-tests
    #   langsmith
    #   openai
httpx-sse==0.4.3
    # via langchain-community
huggingface-hub==0.36.2
    # via
    #   sentence-transformers
    #   tokenizers
    #   transformers
idna==3.11
    # via
    #   anyio
    #   httpx
    #   requests
    #   yarl
iniconfig==2.3.0
    # via pytest
itsdangerous==2.2.0
    # via flask
jinja2==3.1.6
    # via
    #   flask
    #   torch
jiter==0.13.0
    # via openai
joblib==1.5.3
    # via scikit-learn
jsonpatch==1.33
    # via langchain-core
jsonpointer==3.0.0
    # via jsonpatch
langchain==0.3.26
    # via
    #   -r requirements.txt
    #   langchain-community
langchain-community==0.3.26
    # via -r requirements.txt
langchain-core==0.3.83
    # via
    #   langchain
    #   langchain-community
    #   langchain-openai
    #   langchain-pinecone
    #   langchain-tests
    #   langchain-text-splitters
langchain-openai==0.3.24
    # via
    #   -r requirements.txt
    #   langchain-pinecone
langchain-pinecone==0.2.8
    # via -r requirements.txt
langchain-tests==0.3.22
    # via langchain-pinecone
langchain-text-splitters==0.3.11
    # via langchain
langsmith==0.7.14
    # via
    #   langchain
    #   langchain-community
    #   langchain-core
markdown-it-py==4.0.0
    # via rich
markupsafe==3.0.3
    # via
    #   flask
    #   jinja2
    #   werkzeug
marshmallow==3.26.2
    # via dataclasses-json
mdurl==0.1.2
    # via markdown-it-py
mpmath==1.3.0
    # via sympy
multidict==6.7.1
    # via
    #   aiohttp
    #   yarl
mypy-extensions==1.1.0
    # via typing-inspect
networkx==3.4.2
    # via torch
numpy==2.2.6
    # via
    #   langchain-community
    #   langchain-pinecone
    #   langchain-tests
    #   scikit-learn
    #   scipy
    #   transformers
openai==1.109.1
    # via langchain-openai
orjson==3.11.7
    # via langsmith
packaging==24.2
    # via
    #   huggingface-hub
    #   langchain-core
    #   langsmith
    #   marshmallow
    #   pinecone-plugin-assistant
    #   pytest
    #   transformers
pillow==12.1.1
    # via sentence-transformers
pinecone==7.3.0
    # via langchain-pinecone
pinecone-plugin-assistant==1.8.0
    # via pinecone
pinecone-plugin-interface==0.0.7
    # via pinecone
pluggy==1.6.0
    # via pytest
propcache==0.4.1
    # via
    #   aiohttp
    #   yarl
py-cpuinfo==9.0.0
    # via pytest-benchmark
pycparser==3.0
    # via cffi
pydantic==2.12.5
    # via
    #   langchain
    #   langchain-core
    #   langsmith
    #   openai
    #   pydantic-settings
pydantic-core==2.41.5
    # via pydantic
pydantic-settings==2.13.1
    # via langchain-community
pygments==2.19.2
    # via
    #   pytest
    #   rich
pypdf==5.6.1
    # via -r requirements.txt
pytest==8.4.2
    # via
    #   langchain-tests
    #   pytest-asyncio
    #   pytest-benchmark
    #   pytest-codspeed
    #   pytest-recording
    #   pytest-socket
    #   syrupy
pytest-asyncio==1.3.0
    # via langchain-tests
pytest-benchmark==5.2.3
    # via langchain-tests
pytest-codspeed==4.3.0
    # via langchain-tests
pytest-recording==0.13.4
    # via langchain-tests
pytest-socket==0.7.0
    # via langchain-tests
python-dateutil==2.9.0.post0
    # via pinecone
python-dotenv==1.1.0
    # via
    #   -r requirements.txt
    #   pydantic-settings
pyyaml==6.0.3
    # via
    #   huggingface-hub
    #   langchain
    #   langchain-community
    #   langchain-core
    #   transformers
    #   vcrpy
regex==2026.2.28
    # via
    #   tiktoken
    #   transformers
requests==2.32.5
    # via
    #   huggingface-hub
    #   langchain
    #   langchain-community
    #   langsmith
    #   pinecone-plugin-assistant
    #   requests-toolbelt
    #   tiktoken
    #   transformers
requests-toolbelt==1.0.0
    # via langsmith
rich==14.3.3
    # via pytest-codspeed
safetensors==0.7.0
    # via transformers
scikit-learn==1.7.2
    # via sentence-transformers
scipy==1.15.3
    # via
    #   scikit-learn
    #   sentence-transformers
sentence-transformers==4.1.0
    # via -r requirements.txt
six==1.17.0
    # via python-dateutil
sniffio==1.3.1
    # via openai
sqlalchemy==2.0.48
    # via
    #   langchain
    #   langchain-community
sympy==1.14.0
    # via torch
syrupy==4.9.1
    # via langchain-tests
tenacity==9.1.4
    # via
    #   langchain-community
    #   langchain-core
threadpoolctl==3.6.0
    # via scikit-learn
tiktoken==0.12.0
    # via langchain-openai
tokenizers==0.22.2
    # via transformers
tomli==2.4.0
    # via pytest
torch==2.10.0
    # via sentence-transformers
tqdm==4.67.3
    # via
    #   huggingface-hub
    #   openai
    #   sentence-transformers
    #   transformers
transformers==4.57.6
    # via sentence-transformers
typing-extensions==4.15.0
    # via
    #   aiosignal
    #   anyio
    #   exceptiongroup
    #   huggingface-hub
    #   langchain-core
    #   multidict
    #   openai
    #   pinecone
    #   pydantic
    #   pydantic-core
    #   pypdf
    #   pytest-asyncio
    #   sentence-transformers
    #   sqlalchemy
    #   torch
    #   typing-inspect
    #   typing-inspection
typing-inspect==0.9.0
    # via dataclasses-json
typing-inspection==0.4.2
    # via
    #   pydantic
    #   pydantic-settings
urllib3==2.6.3
    # via
    #   pinecone
    #   requests
    #   vcrpy
uuid-utils==0.14.1
    # via
    #   langchain-core
    #   langsmith
vcrpy==7.0.0
    # via
    #   langchain-tests
    #   pytest-recording
werkzeug==3.1.6
    # via flask
wrapt==2.1.2
    # via vcrpy
xxhash==3.6.0
    # via langsmith
yarl==1.23.0
    # via
    #   aiohttp
    #   vcrpy
zstandard==0.25.0
    # via langsmith
